// !$*UTF8*$!
{
	archiveVersion = 1;
	classes = {
	};
	objectVersion = 46;
	objects = {

/* Begin PBXBuildFile section */
		A7772A3D1E08A5CE00EB33ED /* AppDelegate.swift in Sources */ = {isa = PBXBuildFile; fileRef = A7772A3C1E08A5CE00EB33ED /* AppDelegate.swift */; };
		A7772A421E08A5CE00EB33ED /* Main.storyboard in Resources */ = {isa = PBXBuildFile; fileRef = A7772A401E08A5CE00EB33ED /* Main.storyboard */; };
		A7772A441E08A5CE00EB33ED /* Assets.xcassets in Resources */ = {isa = PBXBuildFile; fileRef = A7772A431E08A5CE00EB33ED /* Assets.xcassets */; };
		A7772A471E08A5CE00EB33ED /* LaunchScreen.storyboard in Resources */ = {isa = PBXBuildFile; fileRef = A7772A451E08A5CE00EB33ED /* LaunchScreen.storyboard */; };
		A7772A541E08B50700EB33ED /* ListagemViewController.swift in Sources */ = {isa = PBXBuildFile; fileRef = A7772A531E08B50700EB33ED /* ListagemViewController.swift */; };
		A7772A561E08B53D00EB33ED /* DetalhesViewController.swift in Sources */ = {isa = PBXBuildFile; fileRef = A7772A551E08B53D00EB33ED /* DetalhesViewController.swift */; };
		A7772A581E08B71A00EB33ED /* NoticiaTableViewCell.swift in Sources */ = {isa = PBXBuildFile; fileRef = A7772A571E08B71A00EB33ED /* NoticiaTableViewCell.swift */; };
		A7772A5A1E08BEDC00EB33ED /* Noticia.swift in Sources */ = {isa = PBXBuildFile; fileRef = A7772A591E08BEDC00EB33ED /* Noticia.swift */; };
/* End PBXBuildFile section */

/* Begin PBXFileReference section */
		A7772A391E08A5CE00EB33ED /* UOL_app.app */ = {isa = PBXFileReference; explicitFileType = wrapper.application; includeInIndex = 0; path = UOL_app.app; sourceTree = BUILT_PRODUCTS_DIR; };
		A7772A3C1E08A5CE00EB33ED /* AppDelegate.swift */ = {isa = PBXFileReference; lastKnownFileType = sourcecode.swift; path = AppDelegate.swift; sourceTree = "<group>"; };
		A7772A411E08A5CE00EB33ED /* Base */ = {isa = PBXFileReference; lastKnownFileType = file.storyboard; name = Base; path = Base.lproj/Main.storyboard; sourceTree = "<group>"; };
		A7772A431E08A5CE00EB33ED /* Assets.xcassets */ = {isa = PBXFileReference; lastKnownFileType = folder.assetcatalog; path = Assets.xcassets; sourceTree = "<group>"; };
		A7772A461E08A5CE00EB33ED /* Base */ = {isa = PBXFileReference; lastKnownFileType = file.storyboard; name = Base; path = Base.lproj/LaunchScreen.storyboard; sourceTree = "<group>"; };
		A7772A481E08A5CE00EB33ED /* Info.plist */ = {isa = PBXFileReference; lastKnownFileType = text.plist.xml; path = Info.plist; sourceTree = "<group>"; };
		A7772A531E08B50700EB33ED /* ListagemViewController.swift */ = {isa = PBXFileReference; fileEncoding = 4; lastKnownFileType = sourcecode.swift; path = ListagemViewController.swift; sourceTree = "<group>"; };
		A7772A551E08B53D00EB33ED /* DetalhesViewController.swift */ = {isa = PBXFileReference; fileEncoding = 4; lastKnownFileType = sourcecode.swift; path = DetalhesViewController.swift; sourceTree = "<group>"; };
		A7772A571E08B71A00EB33ED /* NoticiaTableViewCell.swift */ = {isa = PBXFileReference; fileEncoding = 4; lastKnownFileType = sourcecode.swift; name = NoticiaTableViewCell.swift; path = ../NoticiaTableViewCell.swift; sourceTree = "<group>"; };
		A7772A591E08BEDC00EB33ED /* Noticia.swift */ = {isa = PBXFileReference; fileEncoding = 4; lastKnownFileType = sourcecode.swift; path = Noticia.swift; sourceTree = "<group>"; };
/* End PBXFileReference section */

/* Begin PBXFrameworksBuildPhase section */
		A7772A361E08A5CE00EB33ED /* Frameworks */ = {
			isa = PBXFrameworksBuildPhase;
			buildActionMask = 2147483647;
			files = (
			);
			runOnlyForDeploymentPostprocessing = 0;
		};
/* End PBXFrameworksBuildPhase section */

/* Begin PBXGroup section */
		A7772A301E08A5CD00EB33ED = {
			isa = PBXGroup;
			children = (
				A7772A3B1E08A5CE00EB33ED /* UOL_app */,
			);
			sourceTree = "<group>";
		};
		A7772A3A1E08A5CE00EB33ED /* Products */ = {
			isa = PBXGroup;
			children = (
				A7772A391E08A5CE00EB33ED /* UOL_app.app */,
			);
			name = Products;
			path = ..;
			sourceTree = "<group>";
		};
		A7772A3B1E08A5CE00EB33ED /* UOL_app */ = {
			isa = PBXGroup;
			children = (
				A7772A3C1E08A5CE00EB33ED /* AppDelegate.swift */,
				A7772A451E08A5CE00EB33ED /* LaunchScreen.storyboard */,
				A7772A511E08AA3B00EB33ED /* Support */,
				A7772A521E08AA6800EB33ED /* Images */,
				A7772A501E08A8DD00EB33ED /* Model */,
				A7772A4F1E08A8D800EB33ED /* View */,
			);
			path = UOL_app;
			sourceTree = "<group>";
		};
		A7772A4E1E08A8D300EB33ED /* Controller */ = {
			isa = PBXGroup;
			children = (
				A7772A531E08B50700EB33ED /* ListagemViewController.swift */,
				A7772A551E08B53D00EB33ED /* DetalhesViewController.swift */,
			);
			name = Controller;
			sourceTree = "<group>";
		};
		A7772A4F1E08A8D800EB33ED /* View */ = {
			isa = PBXGroup;
			children = (
				A7772A571E08B71A00EB33ED /* NoticiaTableViewCell.swift */,
				A7772A401E08A5CE00EB33ED /* Main.storyboard */,
			);
			name = View;
			sourceTree = "<group>";
		};
		A7772A501E08A8DD00EB33ED /* Model */ = {
			isa = PBXGroup;
			children = (
				A7772A591E08BEDC00EB33ED /* Noticia.swift */,
			);
			name = Model;
			sourceTree = "<group>";
		};
		A7772A511E08AA3B00EB33ED /* Support */ = {
			isa = PBXGroup;
			children = (
				A7772A3A1E08A5CE00EB33ED /* Products */,
				A7772A481E08A5CE00EB33ED /* Info.plist */,
			);
			name = Support;
			sourceTree = "<group>";
		};
		A7772A521E08AA6800EB33ED /* Images */ = {
			isa = PBXGroup;
			children = (
				A7772A4E1E08A8D300EB33ED /* Controller */,
				A7772A431E08A5CE00EB33ED /* Assets.xcassets */,
			);
			name = Images;
			sourceTree = "<group>";
		};
/* End PBXGroup section */

/* Begin PBXNativeTarget section */
		A7772A381E08A5CE00EB33ED /* UOL_app */ = {
			isa = PBXNativeTarget;
			buildConfigurationList = A7772A4B1E08A5CE00EB33ED /* Build configuration list for PBXNativeTarget "UOL_app" */;
			buildPhases = (
				A7772A351E08A5CE00EB33ED /* Sources */,
				A7772A361E08A5CE00EB33ED /* Frameworks */,
				A7772A371E08A5CE00EB33ED /* Resources */,
			);
			buildRules = (
			);
			dependencies = (
			);
			name = UOL_app;
			productName = UOL_app;
			productReference = A7772A391E08A5CE00EB33ED /* UOL_app.app */;
			productType = "com.apple.product-type.application";
		};
/* End PBXNativeTarget section */

/* Begin PBXProject section */
		A7772A311E08A5CD00EB33ED /* Project object */ = {
			isa = PBXProject;
			attributes = {
				LastSwiftUpdateCheck = 0810;
				LastUpgradeCheck = 0810;
				ORGANIZATIONNAME = "Ken Aramaki";
				TargetAttributes = {
					A7772A381E08A5CE00EB33ED = {
						CreatedOnToolsVersion = 8.1;
						ProvisioningStyle = Automatic;
					};
				};
			};
			buildConfigurationList = A7772A341E08A5CD00EB33ED /* Build configuration list for PBXProject "UOL_app" */;
			compatibilityVersion = "Xcode 3.2";
			developmentRegion = English;
			hasScannedForEncodings = 0;
			knownRegions = (
				en,
				Base,
			);
			mainGroup = A7772A301E08A5CD00EB33ED;
			productRefGroup = A7772A3A1E08A5CE00EB33ED /* Products */;
			projectDirPath = "";
			projectRoot = "";
			targets = (
				A7772A381E08A5CE00EB33ED /* UOL_app */,
			);
		};
/* End PBXProject section */

/* Begin PBXResourcesBuildPhase section */
		A7772A371E08A5CE00EB33ED /* Resources */ = {
			isa = PBXResourcesBuildPhase;
			buildActionMask = 2147483647;
			files = (
				A7772A471E08A5CE00EB33ED /* LaunchScreen.storyboard in Resources */,
				A7772A441E08A5CE00EB33ED /* Assets.xcassets in Resources */,
				A7772A421E08A5CE00EB33ED /* Main.storyboard in Resources */,
			);
			runOnlyForDeploymentPostprocessing = 0;
		};
/* End PBXResourcesBuildPhase section */

/* Begin PBXSourcesBuildPhase section */
		A7772A351E08A5CE00EB33ED /* Sources */ = {
			isa = PBXSourcesBuildPhase;
			buildActionMask = 2147483647;
			files = (
				A7772A561E08B53D00EB33ED /* DetalhesViewController.swift in Sources */,
				A7772A3D1E08A5CE00EB33ED /* AppDelegate.swift in Sources */,
				A7772A541E08B50700EB33ED /* ListagemViewController.swift in Sources */,
				A7772A581E08B71A00EB33ED /* NoticiaTableViewCell.swift in Sources */,
				A7772A5A1E08BEDC00EB33ED /* Noticia.swift in Sources */,
			);
			runOnlyForDeploymentPostprocessing = 0;
		};
/* End PBXSourcesBuildPhase section */

/* Begin PBXVariantGroup section */
		A7772A401E08A5CE00EB33ED /* Main.storyboard */ = {
			isa = PBXVariantGroup;
			children = (
				A7772A411E08A5CE00EB33ED /* Base */,
			);
			name = Main.storyboard;
			sourceTree = "<group>";
		};
		A7772A451E08A5CE00EB33ED /* LaunchScreen.storyboard */ = {
			isa = PBXVariantGroup;
			children = (
				A7772A461E08A5CE00EB33ED /* Base */,
			);
			name = LaunchScreen.storyboard;
			sourceTree = "<group>";
		};
/* End PBXVariantGroup section */

/* Begin XCBuildConfiguration section */
		A7772A491E08A5CE00EB33ED /* Debug */ = {
			isa = XCBuildConfiguration;
			buildSettings = {
				ALWAYS_SEARCH_USER_PATHS = NO;
				CLANG_ANALYZER_NONNULL = YES;
				CLANG_CXX_LANGUAGE_STANDARD = "gnu++0x";
				CLANG_CXX_LIBRARY = "libc++";
				CLANG_ENABLE_MODULES = YES;
				CLANG_ENABLE_OBJC_ARC = YES;
				CLANG_WARN_BOOL_CONVERSION = YES;
				CLANG_WARN_CONSTANT_CONVERSION = YES;
				CLANG_WARN_DIRECT_OBJC_ISA_USAGE = YES_ERROR;
				CLANG_WARN_DOCUMENTATION_COMMENTS = YES;
				CLANG_WARN_EMPTY_BODY = YES;
				CLANG_WARN_ENUM_CONVERSION = YES;
				CLANG_WARN_INFINITE_RECURSION = YES;
				CLANG_WARN_INT_CONVERSION = YES;
				CLANG_WARN_OBJC_ROOT_CLASS = YES_ERROR;
				CLANG_WARN_SUSPICIOUS_MOVES = YES;
				CLANG_WARN_UNREACHABLE_CODE = YES;
				CLANG_WARN__DUPLICATE_METHOD_MATCH = YES;
				"CODE_SIGN_IDENTITY[sdk=iphoneos*]" = "iPhone Developer";
				COPY_PHASE_STRIP = NO;
				DEBUG_INFORMATION_FORMAT = dwarf;
				ENABLE_STRICT_OBJC_MSGSEND = YES;
				ENABLE_TESTABILITY = YES;
				GCC_C_LANGUAGE_STANDARD = gnu99;
				GCC_DYNAMIC_NO_PIC = NO;
				GCC_NO_COMMON_BLOCKS = YES;
				GCC_OPTIMIZATION_LEVEL = 0;
				GCC_PREPROCESSOR_DEFINITIONS = (
					"DEBUG=1",
					"$(inherited)",
				);
				GCC_WARN_64_TO_32_BIT_CONVERSION = YES;
				GCC_WARN_ABOUT_RETURN_TYPE = YES_ERROR;
				GCC_WARN_UNDECLARED_SELECTOR = YES;
				GCC_WARN_UNINITIALIZED_AUTOS = YES_AGGRESSIVE;
				GCC_WARN_UNUSED_FUNCTION = YES;
				GCC_WARN_UNUSED_VARIABLE = YES;
				IPHONEOS_DEPLOYMENT_TARGET = 10.1;
				MTL_ENABLE_DEBUG_INFO = YES;
				ONLY_ACTIVE_ARCH = YES;
				SDKROOT = iphoneos;
				SWIFT_ACTIVE_COMPILATION_CONDITIONS = DEBUG;
				SWIFT_OPTIMIZATION_LEVEL = "-Onone";
			};
			name = Debug;
		};
		A7772A4A1E08A5CE00EB33ED /* Release */ = {
			isa = XCBuildConfiguration;
			buildSettings = {
				ALWAYS_SEARCH_USER_PATHS = NO;
				CLANG_ANALYZER_NONNULL = YES;
				CLANG_CXX_LANGUAGE_STANDARD = "gnu++0x";
				CLANG_CXX_LIBRARY = "libc++";
				CLANG_ENABLE_MODULES = YES;
				CLANG_ENABLE_OBJC_ARC = YES;
				CLANG_WARN_BOOL_CONVERSION = YES;
				CLANG_WARN_CONSTANT_CONVERSION = YES;
				CLANG_WARN_DIRECT_OBJC_ISA_USAGE = YES_ERROR;
				CLANG_WARN_DOCUMENTATION_COMMENTS = YES;
				CLANG_WARN_EMPTY_BODY = YES;
				CLANG_WARN_ENUM_CONVERSION = YES;
				CLANG_WARN_INFINITE_RECURSION = YES;
				CLANG_WARN_INT_CONVERSION = YES;
				CLANG_WARN_OBJC_ROOT_CLASS = YES_ERROR;
				CLANG_WARN_SUSPICIOUS_MOVES = YES;
				CLANG_WARN_UNREACHABLE_CODE = YES;
				CLANG_WARN__DUPLICATE_METHOD_MATCH = YES;
				"CODE_SIGN_IDENTITY[sdk=iphoneos*]" = "iPhone Developer";
				COPY_PHASE_STRIP = NO;
				DEBUG_INFORMATION_FORMAT = "dwarf-with-dsym";
				ENABLE_NS_ASSERTIONS = NO;
				ENABLE_STRICT_OBJC_MSGSEND = YES;
				GCC_C_LANGUAGE_STANDARD = gnu99;
				GCC_NO_COMMON_BLOCKS = YES;
				GCC_WARN_64_TO_32_BIT_CONVERSION = YES;
				GCC_WARN_ABOUT_RETURN_TYPE = YES_ERROR;
				GCC_WARN_UNDECLARED_SELECTOR = YES;
				GCC_WARN_UNINITIALIZED_AUTOS = YES_AGGRESSIVE;
				GCC_WARN_UNUSED_FUNCTION = YES;
				GCC_WARN_UNUSED_VARIABLE = YES;
				IPHONEOS_DEPLOYMENT_TARGET = 10.1;
				MTL_ENABLE_DEBUG_INFO = NO;
				SDKROOT = iphoneos;
				SWIFT_OPTIMIZATION_LEVEL = "-Owholemodule";
				VALIDATE_PRODUCT = YES;
			};
			name = Release;
		};
		A7772A4C1E08A5CE00EB33ED /* Debug */ = {
			isa = XCBuildConfiguration;
			buildSettings = {
				ASSETCATALOG_COMPILER_APPICON_NAME = AppIcon;
				INFOPLIST_FILE = UOL_app/Info.plist;
				IPHONEOS_DEPLOYMENT_TARGET = 8.0;
				LD_RUNPATH_SEARCH_PATHS = "$(inherited) @executable_path/Frameworks";
				PRODUCT_BUNDLE_IDENTIFIER = "com.kenaramaki.UOL-app";
				PRODUCT_NAME = "$(TARGET_NAME)";
				SWIFT_VERSION = 3.0;
			};
			name = Debug;
		};
		A7772A4D1E08A5CE00EB33ED /* Release */ = {
			isa = XCBuildConfiguration;
			buildSettings = {
				ASSETCATALOG_COMPILER_APPICON_NAME = AppIcon;
				INFOPLIST_FILE = UOL_app/Info.plist;
				IPHONEOS_DEPLOYMENT_TARGET = 8.0;
				LD_RUNPATH_SEARCH_PATHS = "$(inherited) @executable_path/Frameworks";
				PRODUCT_BUNDLE_IDENTIFIER = "com.kenaramaki.UOL-app";
				PRODUCT_NAME = "$(TARGET_NAME)";
				SWIFT_VERSION = 3.0;
			};
			name = Release;
		};
/* End XCBuildConfiguration section */

/* Begin XCConfigurationList section */
		A7772A341E08A5CD00EB33ED /* Build configuration list for PBXProject "UOL_app" */ = {
			isa = XCConfigurationList;
			buildConfigurations = (
				A7772A491E08A5CE00EB33ED /* Debug */,
				A7772A4A1E08A5CE00EB33ED /* Release */,
			);
			defaultConfigurationIsVisible = 0;
			defaultConfigurationName = Release;
		};
		A7772A4B1E08A5CE00EB33ED /* Build configuration list for PBXNativeTarget "UOL_app" */ = {
			isa = XCConfigurationList;
			buildConfigurations = (
				A7772A4C1E08A5CE00EB33ED /* Debug */,
				A7772A4D1E08A5CE00EB33ED /* Release */,
			);
			defaultConfigurationIsVisible = 0;
		};
/* End XCConfigurationList section */
	};
	rootObject = A7772A311E08A5CD00EB33ED /* Project object */;
}
